
Microsoft Visual Studio Solution File, Format Version 12.00
# Visual Studio Version 17
VisualStudioVersion = 17.9.34723.18
MinimumVisualStudioVersion = 10.0.40219.1
Project("{9A19103F-16F7-4668-BE54-9A1E7A4F7556}") = "CargoApi.Application", "CargoApi.Application\CargoApi.Application.csproj", "{60E01E7E-BEFB-49B4-9D24-767F4132F16C}"
EndProject
Project("{9A19103F-16F7-4668-BE54-9A1E7A4F7556}") = "CargoApi.Domain", "CargoApi.Domain\CargoApi.Domain.csproj", "{A8416278-0664-4B8F-AF9E-CCD7CED641B4}"
EndProject
Project("{9A19103F-16F7-4668-BE54-9A1E7A4F7556}") = "CargoApi.Infrastructure", "CargoApi.Infrastructure\CargoApi.Infrastructure.csproj", "{0B1B7037-D5B8-47CB-84BA-598FB0315BC1}"
EndProject
Project("{9A19103F-16F7-4668-BE54-9A1E7A4F7556}") = "CargoApi.Presentation", "CargoApi.Presentation\CargoApi.Presentation.csproj", "{B1702033-F346-4BA2-B92C-2CD23553FD4F}"
	ProjectSection(ProjectDependencies) = postProject
		{0B1B7037-D5B8-47CB-84BA-598FB0315BC1} = {0B1B7037-D5B8-47CB-84BA-598FB0315BC1}
	EndProjectSection
EndProject
Project("{9A19103F-16F7-4668-BE54-9A1E7A4F7556}") = "siltraSharedlibrary", "..\DemoSiltra.SharedLibrarySolution\siltraSharedlibrary\siltraSharedlibrary.csproj", "{D516E438-509D-40D7-A8B6-AF08869F1F19}"
EndProject
Global
	GlobalSection(SolutionConfigurationPlatforms) = preSolution
		Debug|Any CPU = Debug|Any CPU
		Release|Any CPU = Release|Any CPU
	EndGlobalSection
	GlobalSection(ProjectConfigurationPlatforms) = postSolution
		{60E01E7E-BEFB-49B4-9D24-767F4132F16C}.Debug|Any CPU.ActiveCfg = Debug|Any CPU
		{60E01E7E-BEFB-49B4-9D24-767F4132F16C}.Debug|Any CPU.Build.0 = Debug|Any CPU
		{60E01E7E-BEFB-49B4-9D24-767F4132F16C}.Release|Any CPU.ActiveCfg = Release|Any CPU
		{60E01E7E-BEFB-49B4-9D24-767F4132F16C}.Release|Any CPU.Build.0 = Release|Any CPU
		{A8416278-0664-4B8F-AF9E-CCD7CED641B4}.Debug|Any CPU.ActiveCfg = Debug|Any CPU
		{A8416278-0664-4B8F-AF9E-CCD7CED641B4}.Debug|Any CPU.Build.0 = Debug|Any CPU
		{A8416278-0664-4B8F-AF9E-CCD7CED641B4}.Release|Any CPU.ActiveCfg = Release|Any CPU
		{A8416278-0664-4B8F-AF9E-CCD7CED641B4}.Release|Any CPU.Build.0 = Release|Any CPU
		{0B1B7037-D5B8-47CB-84BA-598FB0315BC1}.Debug|Any CPU.ActiveCfg = Debug|Any CPU
		{0B1B7037-D5B8-47CB-84BA-598FB0315BC1}.Debug|Any CPU.Build.0 = Debug|Any CPU
		{0B1B7037-D5B8-47CB-84BA-598FB0315BC1}.Release|Any CPU.ActiveCfg = Release|Any CPU
		{0B1B7037-D5B8-47CB-84BA-598FB0315BC1}.Release|Any CPU.Build.0 = Release|Any CPU
		{B1702033-F346-4BA2-B92C-2CD23553FD4F}.Debug|Any CPU.ActiveCfg = Debug|Any CPU
		{B1702033-F346-4BA2-B92C-2CD23553FD4F}.Debug|Any CPU.Build.0 = Debug|Any CPU
		{B1702033-F346-4BA2-B92C-2CD23553FD4F}.Release|Any CPU.ActiveCfg = Release|Any CPU
		{B1702033-F346-4BA2-B92C-2CD23553FD4F}.Release|Any CPU.Build.0 = Release|Any CPU
		{D516E438-509D-40D7-A8B6-AF08869F1F19}.Debug|Any CPU.ActiveCfg = Debug|Any CPU
		{D516E438-509D-40D7-A8B6-AF08869F1F19}.Debug|Any CPU.Build.0 = Debug|Any CPU
		{D516E438-509D-40D7-A8B6-AF08869F1F19}.Release|Any CPU.ActiveCfg = Release|Any CPU
		{D516E438-509D-40D7-A8B6-AF08869F1F19}.Release|Any CPU.Build.0 = Release|Any CPU
	EndGlobalSection
	GlobalSection(SolutionProperties) = preSolution
		HideSolutionNode = FALSE
	EndGlobalSection
	GlobalSection(ExtensibilityGlobals) = postSolution
		SolutionGuid = {DDD6D7EF-01EE-493B-9B15-EEF0EB419008}
	EndGlobalSection
EndGlobal
